// !$*UTF8*$!
{
	archiveVersion = 1;
	classes = {
	};
	objectVersion = 46;
	objects = {

/* Begin PBXBuildFile section */
		ACCB54A51A14C87100841F78 /* conversions.swift in Sources */ = {isa = PBXBuildFile; fileRef = ACD310471A10E965001989F1 /* conversions.swift */; };
		ACCB54A61A14C87100841F78 /* parse.swift in Sources */ = {isa = PBXBuildFile; fileRef = ACD310481A10E965001989F1 /* parse.swift */; };
		ACCB54A71A14C87100841F78 /* validation.swift in Sources */ = {isa = PBXBuildFile; fileRef = ACD310491A10E965001989F1 /* validation.swift */; };
		ACD3103E1A10E575001989F1 /* JMSSwiftParse.h in Headers */ = {isa = PBXBuildFile; fileRef = ACD3103A1A10E575001989F1 /* JMSSwiftParse.h */; settings = {ATTRIBUTES = (Public, ); }; };
		ACD310871A110012001989F1 /* JMSSwiftParseTests.swift in Sources */ = {isa = PBXBuildFile; fileRef = ACD310421A10E58A001989F1 /* JMSSwiftParseTests.swift */; };
/* End PBXBuildFile section */

/* Begin PBXContainerItemProxy section */
		ACD3102A1A10E55B001989F1 /* PBXContainerItemProxy */ = {
			isa = PBXContainerItemProxy;
			containerPortal = ACD310141A10E55A001989F1 /* Project object */;
			proxyType = 1;
			remoteGlobalIDString = ACD3101C1A10E55B001989F1;
			remoteInfo = JMSSwiftParse;
		};
/* End PBXContainerItemProxy section */

/* Begin PBXFileReference section */
		ACD3101D1A10E55B001989F1 /* JMSSwiftParse.framework */ = {isa = PBXFileReference; explicitFileType = wrapper.framework; includeInIndex = 0; path = JMSSwiftParse.framework; sourceTree = BUILT_PRODUCTS_DIR; };
		ACD310211A10E55B001989F1 /* Info.plist */ = {isa = PBXFileReference; lastKnownFileType = text.plist.xml; path = Info.plist; sourceTree = "<group>"; };
		ACD310281A10E55B001989F1 /* JMSSwiftParseTests.xctest */ = {isa = PBXFileReference; explicitFileType = wrapper.cfbundle; includeInIndex = 0; path = JMSSwiftParseTests.xctest; sourceTree = BUILT_PRODUCTS_DIR; };
		ACD3102E1A10E55B001989F1 /* Info.plist */ = {isa = PBXFileReference; lastKnownFileType = text.plist.xml; path = Info.plist; sourceTree = "<group>"; };
		ACD3103A1A10E575001989F1 /* JMSSwiftParse.h */ = {isa = PBXFileReference; fileEncoding = 4; lastKnownFileType = sourcecode.c.h; name = JMSSwiftParse.h; path = ../../Source/JMSSwiftParse.h; sourceTree = "<group>"; };
		ACD310421A10E58A001989F1 /* JMSSwiftParseTests.swift */ = {isa = PBXFileReference; fileEncoding = 4; lastKnownFileType = sourcecode.swift; name = JMSSwiftParseTests.swift; path = ../../Tests/JMSSwiftParseTests.swift; sourceTree = "<group>"; };
		ACD310471A10E965001989F1 /* conversions.swift */ = {isa = PBXFileReference; fileEncoding = 4; lastKnownFileType = sourcecode.swift; name = conversions.swift; path = ../../Source/conversions.swift; sourceTree = "<group>"; };
		ACD310481A10E965001989F1 /* parse.swift */ = {isa = PBXFileReference; fileEncoding = 4; lastKnownFileType = sourcecode.swift; name = parse.swift; path = ../../Source/parse.swift; sourceTree = "<group>"; };
		ACD310491A10E965001989F1 /* validation.swift */ = {isa = PBXFileReference; fileEncoding = 4; lastKnownFileType = sourcecode.swift; name = validation.swift; path = ../../Source/validation.swift; sourceTree = "<group>"; };
		ACED54671A13672D007029CF /* tests.swift */ = {isa = PBXFileReference; fileEncoding = 4; lastKnownFileType = sourcecode.swift; path = tests.swift; sourceTree = "<group>"; };
/* End PBXFileReference section */

/* Begin PBXFrameworksBuildPhase section */
		ACD310191A10E55B001989F1 /* Frameworks */ = {
			isa = PBXFrameworksBuildPhase;
			buildActionMask = 2147483647;
			files = (
			);
			runOnlyForDeploymentPostprocessing = 0;
		};
		ACD310251A10E55B001989F1 /* Frameworks */ = {
			isa = PBXFrameworksBuildPhase;
			buildActionMask = 2147483647;
			files = (
			);
			runOnlyForDeploymentPostprocessing = 0;
		};
/* End PBXFrameworksBuildPhase section */

/* Begin PBXGroup section */
		ACD310131A10E55A001989F1 = {
			isa = PBXGroup;
			children = (
				ACD3101F1A10E55B001989F1 /* JMSSwiftParse */,
				ACD3102C1A10E55B001989F1 /* JMSSwiftParseTests */,
				ACD3101E1A10E55B001989F1 /* Products */,
			);
			sourceTree = "<group>";
		};
		ACD3101E1A10E55B001989F1 /* Products */ = {
			isa = PBXGroup;
			children = (
				ACD3101D1A10E55B001989F1 /* JMSSwiftParse.framework */,
				ACD310281A10E55B001989F1 /* JMSSwiftParseTests.xctest */,
			);
			name = Products;
			sourceTree = "<group>";
		};
		ACD3101F1A10E55B001989F1 /* JMSSwiftParse */ = {
			isa = PBXGroup;
			children = (
				ACD3103A1A10E575001989F1 /* JMSSwiftParse.h */,
				ACD310471A10E965001989F1 /* conversions.swift */,
				ACD310481A10E965001989F1 /* parse.swift */,
				ACD310491A10E965001989F1 /* validation.swift */,
				ACD310201A10E55B001989F1 /* Supporting Files */,
				ACED54671A13672D007029CF /* tests.swift */,
			);
			path = JMSSwiftParse;
			sourceTree = "<group>";
		};
		ACD310201A10E55B001989F1 /* Supporting Files */ = {
			isa = PBXGroup;
			children = (
				ACD310211A10E55B001989F1 /* Info.plist */,
			);
			name = "Supporting Files";
			sourceTree = "<group>";
		};
		ACD3102C1A10E55B001989F1 /* JMSSwiftParseTests */ = {
			isa = PBXGroup;
			children = (
				ACD310421A10E58A001989F1 /* JMSSwiftParseTests.swift */,
				ACD3102D1A10E55B001989F1 /* Supporting Files */,
			);
			path = JMSSwiftParseTests;
			sourceTree = "<group>";
		};
		ACD3102D1A10E55B001989F1 /* Supporting Files */ = {
			isa = PBXGroup;
			children = (
				ACD3102E1A10E55B001989F1 /* Info.plist */,
			);
			name = "Supporting Files";
			sourceTree = "<group>";
		};
/* End PBXGroup section */

/* Begin PBXHeadersBuildPhase section */
		ACD3101A1A10E55B001989F1 /* Headers */ = {
			isa = PBXHeadersBuildPhase;
			buildActionMask = 2147483647;
			files = (
				ACD3103E1A10E575001989F1 /* JMSSwiftParse.h in Headers */,
			);
			runOnlyForDeploymentPostprocessing = 0;
		};
/* End PBXHeadersBuildPhase section */

/* Begin PBXNativeTarget section */
		ACD3101C1A10E55B001989F1 /* JMSSwiftParse */ = {
			isa = PBXNativeTarget;
			buildConfigurationList = ACD310331A10E55B001989F1 /* Build configuration list for PBXNativeTarget "JMSSwiftParse" */;
			buildPhases = (
				ACD310181A10E55B001989F1 /* Sources */,
				ACD310191A10E55B001989F1 /* Frameworks */,
				ACD3101A1A10E55B001989F1 /* Headers */,
				ACD3101B1A10E55B001989F1 /* Resources */,
			);
			buildRules = (
			);
			dependencies = (
			);
			name = JMSSwiftParse;
			productName = JMSSwiftParse;
			productReference = ACD3101D1A10E55B001989F1 /* JMSSwiftParse.framework */;
			productType = "com.apple.product-type.framework";
		};
		ACD310271A10E55B001989F1 /* JMSSwiftParseTests */ = {
			isa = PBXNativeTarget;
			buildConfigurationList = ACD310361A10E55B001989F1 /* Build configuration list for PBXNativeTarget "JMSSwiftParseTests" */;
			buildPhases = (
				ACD310241A10E55B001989F1 /* Sources */,
				ACD310251A10E55B001989F1 /* Frameworks */,
				ACD310261A10E55B001989F1 /* Resources */,
			);
			buildRules = (
			);
			dependencies = (
				ACD3102B1A10E55B001989F1 /* PBXTargetDependency */,
			);
			name = JMSSwiftParseTests;
			productName = JMSSwiftParseTests;
			productReference = ACD310281A10E55B001989F1 /* JMSSwiftParseTests.xctest */;
			productType = "com.apple.product-type.bundle.unit-test";
		};
/* End PBXNativeTarget section */

/* Begin PBXProject section */
		ACD310141A10E55A001989F1 /* Project object */ = {
			isa = PBXProject;
			attributes = {
				LastUpgradeCheck = 0610;
				ORGANIZATIONNAME = "José Manuel Sánchez";
				TargetAttributes = {
					ACD3101C1A10E55B001989F1 = {
						CreatedOnToolsVersion = 6.1;
					};
					ACD310271A10E55B001989F1 = {
						CreatedOnToolsVersion = 6.1;
					};
				};
			};
			buildConfigurationList = ACD310171A10E55A001989F1 /* Build configuration list for PBXProject "JMSSwiftParse" */;
			compatibilityVersion = "Xcode 3.2";
			developmentRegion = English;
			hasScannedForEncodings = 0;
			knownRegions = (
				en,
			);
			mainGroup = ACD310131A10E55A001989F1;
			productRefGroup = ACD3101E1A10E55B001989F1 /* Products */;
			projectDirPath = "";
			projectRoot = "";
			targets = (
				ACD3101C1A10E55B001989F1 /* JMSSwiftParse */,
				ACD310271A10E55B001989F1 /* JMSSwiftParseTests */,
			);
		};
/* End PBXProject section */

/* Begin PBXResourcesBuildPhase section */
		ACD3101B1A10E55B001989F1 /* Resources */ = {
			isa = PBXResourcesBuildPhase;
			buildActionMask = 2147483647;
			files = (
			);
			runOnlyForDeploymentPostprocessing = 0;
		};
		ACD310261A10E55B001989F1 /* Resources */ = {
			isa = PBXResourcesBuildPhase;
			buildActionMask = 2147483647;
			files = (
			);
			runOnlyForDeploymentPostprocessing = 0;
		};
/* End PBXResourcesBuildPhase section */

/* Begin PBXSourcesBuildPhase section */
		ACD310181A10E55B001989F1 /* Sources */ = {
			isa = PBXSourcesBuildPhase;
			buildActionMask = 2147483647;
			files = (
				ACCB54A51A14C87100841F78 /* conversions.swift in Sources */,
				ACCB54A61A14C87100841F78 /* parse.swift in Sources */,
				ACCB54A71A14C87100841F78 /* validation.swift in Sources */,
			);
			runOnlyForDeploymentPostprocessing = 0;
		};
		ACD310241A10E55B001989F1 /* Sources */ = {
			isa = PBXSourcesBuildPhase;
			buildActionMask = 2147483647;
			files = (
				ACD310871A110012001989F1 /* JMSSwiftParseTests.swift in Sources */,
			);
			runOnlyForDeploymentPostprocessing = 0;
		};
/* End PBXSourcesBuildPhase section */

/* Begin PBXTargetDependency section */
		ACD3102B1A10E55B001989F1 /* PBXTargetDependency */ = {
			isa = PBXTargetDependency;
			target = ACD3101C1A10E55B001989F1 /* JMSSwiftParse */;
			targetProxy = ACD3102A1A10E55B001989F1 /* PBXContainerItemProxy */;
		};
/* End PBXTargetDependency section */

/* Begin XCBuildConfiguration section */
		ACD310311A10E55B001989F1 /* Debug */ = {
			isa = XCBuildConfiguration;
			buildSettings = {
				ALWAYS_SEARCH_USER_PATHS = NO;
				CLANG_CXX_LANGUAGE_STANDARD = "gnu++0x";
				CLANG_CXX_LIBRARY = "libc++";
				CLANG_ENABLE_MODULES = YES;
				CLANG_ENABLE_OBJC_ARC = YES;
				CLANG_WARN_BOOL_CONVERSION = YES;
				CLANG_WARN_CONSTANT_CONVERSION = YES;
				CLANG_WARN_DIRECT_OBJC_ISA_USAGE = YES_ERROR;
				CLANG_WARN_EMPTY_BODY = YES;
				CLANG_WARN_ENUM_CONVERSION = YES;
				CLANG_WARN_INT_CONVERSION = YES;
				CLANG_WARN_OBJC_ROOT_CLASS = YES_ERROR;
				CLANG_WARN_UNREACHABLE_CODE = YES;
				CLANG_WARN__DUPLICATE_METHOD_MATCH = YES;
				"CODE_SIGN_IDENTITY[sdk=iphoneos*]" = "iPhone Developer";
				COPY_PHASE_STRIP = NO;
				CURRENT_PROJECT_VERSION = 1;
				ENABLE_STRICT_OBJC_MSGSEND = YES;
				GCC_C_LANGUAGE_STANDARD = gnu99;
				GCC_DYNAMIC_NO_PIC = NO;
				GCC_OPTIMIZATION_LEVEL = 0;
				GCC_PREPROCESSOR_DEFINITIONS = (
					"DEBUG=1",
					"$(inherited)",
				);
				GCC_SYMBOLS_PRIVATE_EXTERN = NO;
				GCC_WARN_64_TO_32_BIT_CONVERSION = YES;
				GCC_WARN_ABOUT_RETURN_TYPE = YES_ERROR;
				GCC_WARN_UNDECLARED_SELECTOR = YES;
				GCC_WARN_UNINITIALIZED_AUTOS = YES_AGGRESSIVE;
				GCC_WARN_UNUSED_FUNCTION = YES;
				GCC_WARN_UNUSED_VARIABLE = YES;
				IPHONEOS_DEPLOYMENT_TARGET = 8.1;
				MTL_ENABLE_DEBUG_INFO = YES;
				ONLY_ACTIVE_ARCH = YES;
				SDKROOT = iphoneos;
				SWIFT_OPTIMIZATION_LEVEL = "-Onone";
				TARGETED_DEVICE_FAMILY = "1,2";
				VERSIONING_SYSTEM = "apple-generic";
				VERSION_INFO_PREFIX = "";
			};
			name = Debug;
		};
		ACD310321A10E55B001989F1 /* Release */ = {
			isa = XCBuildConfiguration;
			buildSettings = {
				ALWAYS_SEARCH_USER_PATHS = NO;
				CLANG_CXX_LANGUAGE_STANDARD = "gnu++0x";
				CLANG_CXX_LIBRARY = "libc++";
				CLANG_ENABLE_MODULES = YES;
				CLANG_ENABLE_OBJC_ARC = YES;
				CLANG_WARN_BOOL_CONVERSION = YES;
				CLANG_WARN_CONSTANT_CONVERSION = YES;
				CLANG_WARN_DIRECT_OBJC_ISA_USAGE = YES_ERROR;
				CLANG_WARN_EMPTY_BODY = YES;
				CLANG_WARN_ENUM_CONVERSION = YES;
				CLANG_WARN_INT_CONVERSION = YES;
				CLANG_WARN_OBJC_ROOT_CLASS = YES_ERROR;
				CLANG_WARN_UNREACHABLE_CODE = YES;
				CLANG_WARN__DUPLICATE_METHOD_MATCH = YES;
				"CODE_SIGN_IDENTITY[sdk=iphoneos*]" = "iPhone Developer";
				COPY_PHASE_STRIP = YES;
				CURRENT_PROJECT_VERSION = 1;
				ENABLE_NS_ASSERTIONS = NO;
				ENABLE_STRICT_OBJC_MSGSEND = YES;
				GCC_C_LANGUAGE_STANDARD = gnu99;
				GCC_WARN_64_TO_32_BIT_CONVERSION = YES;
				GCC_WARN_ABOUT_RETURN_TYPE = YES_ERROR;
				GCC_WARN_UNDECLARED_SELECTOR = YES;
				GCC_WARN_UNINITIALIZED_AUTOS = YES_AGGRESSIVE;
				GCC_WARN_UNUSED_FUNCTION = YES;
				GCC_WARN_UNUSED_VARIABLE = YES;
				IPHONEOS_DEPLOYMENT_TARGET = 8.1;
				MTL_ENABLE_DEBUG_INFO = NO;
				SDKROOT = iphoneos;
				TARGETED_DEVICE_FAMILY = "1,2";
				VALIDATE_PRODUCT = YES;
				VERSIONING_SYSTEM = "apple-generic";
				VERSION_INFO_PREFIX = "";
			};
			name = Release;
		};
		ACD310341A10E55B001989F1 /* Debug */ = {
			isa = XCBuildConfiguration;
			buildSettings = {
				CLANG_ENABLE_MODULES = YES;
				DEFINES_MODULE = YES;
				DYLIB_COMPATIBILITY_VERSION = 1;
				DYLIB_CURRENT_VERSION = 1;
				DYLIB_INSTALL_NAME_BASE = "@rpath";
				INFOPLIST_FILE = JMSSwiftParse/Info.plist;
				INSTALL_PATH = "$(LOCAL_LIBRARY_DIR)/Frameworks";
				LD_RUNPATH_SEARCH_PATHS = "$(inherited) @executable_path/Frameworks @loader_path/Frameworks";
				PRODUCT_NAME = "$(TARGET_NAME)";
				SKIP_INSTALL = YES;
				SWIFT_OBJC_BRIDGING_HEADER = "";
				SWIFT_OPTIMIZATION_LEVEL = "-Onone";
			};
			name = Debug;
		};
		ACD310351A10E55B001989F1 /* Release */ = {
			isa = XCBuildConfiguration;
			buildSettings = {
				CLANG_ENABLE_MODULES = YES;
				DEFINES_MODULE = YES;
				DYLIB_COMPATIBILITY_VERSION = 1;
				DYLIB_CURRENT_VERSION = 1;
				DYLIB_INSTALL_NAME_BASE = "@rpath";
				INFOPLIST_FILE = JMSSwiftParse/Info.plist;
				INSTALL_PATH = "$(LOCAL_LIBRARY_DIR)/Frameworks";
				LD_RUNPATH_SEARCH_PATHS = "$(inherited) @executable_path/Frameworks @loader_path/Frameworks";
				PRODUCT_NAME = "$(TARGET_NAME)";
				SKIP_INSTALL = YES;
				SWIFT_OBJC_BRIDGING_HEADER = "";
			};
			name = Release;
		};
		ACD310371A10E55B001989F1 /* Debug */ = {
			isa = XCBuildConfiguration;
			buildSettings = {
				CLANG_ENABLE_MODULES = YES;
				FRAMEWORK_SEARCH_PATHS = (
					"$(SDKROOT)/Developer/Library/Frameworks",
					"$(inherited)",
				);
				GCC_PREPROCESSOR_DEFINITIONS = (
					"DEBUG=1",
					"$(inherited)",
				);
				INFOPLIST_FILE = JMSSwiftParseTests/Info.plist;
				LD_RUNPATH_SEARCH_PATHS = "$(inherited) @executable_path/Frameworks @loader_path/Frameworks";
				PRODUCT_NAME = "$(TARGET_NAME)";
				SWIFT_OBJC_BRIDGING_HEADER = "";
				SWIFT_OPTIMIZATION_LEVEL = "-Onone";
			};
			name = Debug;
		};
		ACD310381A10E55B001989F1 /* Release */ = {
			isa = XCBuildConfiguration;
			buildSettings = {
				CLANG_ENABLE_MODULES = YES;
				FRAMEWORK_SEARCH_PATHS = (
					"$(SDKROOT)/Developer/Library/Frameworks",
					"$(inherited)",
				);
				INFOPLIST_FILE = JMSSwiftParseTests/Info.plist;
				LD_RUNPATH_SEARCH_PATHS = "$(inherited) @executable_path/Frameworks @loader_path/Frameworks";
				PRODUCT_NAME = "$(TARGET_NAME)";
				SWIFT_OBJC_BRIDGING_HEADER = "";
			};
			name = Release;
		};
/* End XCBuildConfiguration section */

/* Begin XCConfigurationList section */
		ACD310171A10E55A001989F1 /* Build configuration list for PBXProject "JMSSwiftParse" */ = {
			isa = XCConfigurationList;
			buildConfigurations = (
				ACD310311A10E55B001989F1 /* Debug */,
				ACD310321A10E55B001989F1 /* Release */,
			);
			defaultConfigurationIsVisible = 0;
			defaultConfigurationName = Release;
		};
		ACD310331A10E55B001989F1 /* Build configuration list for PBXNativeTarget "JMSSwiftParse" */ = {
			isa = XCConfigurationList;
			buildConfigurations = (
				ACD310341A10E55B001989F1 /* Debug */,
				ACD310351A10E55B001989F1 /* Release */,
			);
			defaultConfigurationIsVisible = 0;
			defaultConfigurationName = Release;
		};
		ACD310361A10E55B001989F1 /* Build configuration list for PBXNativeTarget "JMSSwiftParseTests" */ = {
			isa = XCConfigurationList;
			buildConfigurations = (
				ACD310371A10E55B001989F1 /* Debug */,
				ACD310381A10E55B001989F1 /* Release */,
			);
			defaultConfigurationIsVisible = 0;
			defaultConfigurationName = Release;
		};
/* End XCConfigurationList section */
	};
	rootObject = ACD310141A10E55A001989F1 /* Project object */;
}
