// !$*UTF8*$!
{
	archiveVersion = 1;
	classes = {
	};
	objectVersion = 46;
	objects = {

/* Begin PBXBuildFile section */
		ACD3105C1A10EC1D001989F1 /* AppDelegate.swift in Sources */ = {isa = PBXBuildFile; fileRef = ACD3105B1A10EC1D001989F1 /* AppDelegate.swift */; };
		ACD3105E1A10EC1D001989F1 /* ViewController.swift in Sources */ = {isa = PBXBuildFile; fileRef = ACD3105D1A10EC1D001989F1 /* ViewController.swift */; };
		ACD310611A10EC1D001989F1 /* Main.storyboard in Resources */ = {isa = PBXBuildFile; fileRef = ACD3105F1A10EC1D001989F1 /* Main.storyboard */; };
		ACD310631A10EC1D001989F1 /* Images.xcassets in Resources */ = {isa = PBXBuildFile; fileRef = ACD310621A10EC1D001989F1 /* Images.xcassets */; };
		ACD310661A10EC1D001989F1 /* LaunchScreen.xib in Resources */ = {isa = PBXBuildFile; fileRef = ACD310641A10EC1D001989F1 /* LaunchScreen.xib */; };
		ACD3107E1A10ECC5001989F1 /* JMSSwiftParse.framework in Frameworks */ = {isa = PBXBuildFile; fileRef = ACD3107D1A10ECC5001989F1 /* JMSSwiftParse.framework */; };
/* End PBXBuildFile section */

/* Begin PBXFileReference section */
		ACD310561A10EC1D001989F1 /* iOS Example.app */ = {isa = PBXFileReference; explicitFileType = wrapper.application; includeInIndex = 0; path = "iOS Example.app"; sourceTree = BUILT_PRODUCTS_DIR; };
		ACD3105A1A10EC1D001989F1 /* Info.plist */ = {isa = PBXFileReference; lastKnownFileType = text.plist.xml; path = Info.plist; sourceTree = "<group>"; };
		ACD3105B1A10EC1D001989F1 /* AppDelegate.swift */ = {isa = PBXFileReference; lastKnownFileType = sourcecode.swift; path = AppDelegate.swift; sourceTree = "<group>"; };
		ACD3105D1A10EC1D001989F1 /* ViewController.swift */ = {isa = PBXFileReference; lastKnownFileType = sourcecode.swift; path = ViewController.swift; sourceTree = "<group>"; };
		ACD310601A10EC1D001989F1 /* Base */ = {isa = PBXFileReference; lastKnownFileType = file.storyboard; name = Base; path = Base.lproj/Main.storyboard; sourceTree = "<group>"; };
		ACD310621A10EC1D001989F1 /* Images.xcassets */ = {isa = PBXFileReference; lastKnownFileType = folder.assetcatalog; path = Images.xcassets; sourceTree = "<group>"; };
		ACD310651A10EC1D001989F1 /* Base */ = {isa = PBXFileReference; lastKnownFileType = file.xib; name = Base; path = Base.lproj/LaunchScreen.xib; sourceTree = "<group>"; };
		ACD310701A10EC1D001989F1 /* Info.plist */ = {isa = PBXFileReference; lastKnownFileType = text.plist.xml; path = Info.plist; sourceTree = "<group>"; };
		ACD310711A10EC1D001989F1 /* iOS_ExampleTests.swift */ = {isa = PBXFileReference; lastKnownFileType = sourcecode.swift; path = iOS_ExampleTests.swift; sourceTree = "<group>"; };
		ACD3107D1A10ECC5001989F1 /* JMSSwiftParse.framework */ = {isa = PBXFileReference; lastKnownFileType = wrapper.framework; name = JMSSwiftParse.framework; path = "../../../Library/Developer/Xcode/DerivedData/JMSSwiftParse-fhctzogcigcpmkcuedgputfsyoza/Build/Products/Debug-iphoneos/JMSSwiftParse.framework"; sourceTree = "<group>"; };
/* End PBXFileReference section */

/* Begin PBXFrameworksBuildPhase section */
		ACD310531A10EC1D001989F1 /* Frameworks */ = {
			isa = PBXFrameworksBuildPhase;
			buildActionMask = 2147483647;
			files = (
				ACD3107E1A10ECC5001989F1 /* JMSSwiftParse.framework in Frameworks */,
			);
			runOnlyForDeploymentPostprocessing = 0;
		};
/* End PBXFrameworksBuildPhase section */

/* Begin PBXGroup section */
		ACD3104D1A10EC1D001989F1 = {
			isa = PBXGroup;
			children = (
				ACD3107D1A10ECC5001989F1 /* JMSSwiftParse.framework */,
				ACD310581A10EC1D001989F1 /* iOS Example */,
				ACD3106E1A10EC1D001989F1 /* iOS ExampleTests */,
				ACD310571A10EC1D001989F1 /* Products */,
			);
			sourceTree = "<group>";
		};
		ACD310571A10EC1D001989F1 /* Products */ = {
			isa = PBXGroup;
			children = (
				ACD310561A10EC1D001989F1 /* iOS Example.app */,
			);
			name = Products;
			sourceTree = "<group>";
		};
		ACD310581A10EC1D001989F1 /* iOS Example */ = {
			isa = PBXGroup;
			children = (
				ACD3105B1A10EC1D001989F1 /* AppDelegate.swift */,
				ACD3105D1A10EC1D001989F1 /* ViewController.swift */,
				ACD3105F1A10EC1D001989F1 /* Main.storyboard */,
				ACD310621A10EC1D001989F1 /* Images.xcassets */,
				ACD310641A10EC1D001989F1 /* LaunchScreen.xib */,
				ACD310591A10EC1D001989F1 /* Supporting Files */,
			);
			path = "iOS Example";
			sourceTree = "<group>";
		};
		ACD310591A10EC1D001989F1 /* Supporting Files */ = {
			isa = PBXGroup;
			children = (
				ACD3105A1A10EC1D001989F1 /* Info.plist */,
			);
			name = "Supporting Files";
			sourceTree = "<group>";
		};
		ACD3106E1A10EC1D001989F1 /* iOS ExampleTests */ = {
			isa = PBXGroup;
			children = (
				ACD310711A10EC1D001989F1 /* iOS_ExampleTests.swift */,
				ACD3106F1A10EC1D001989F1 /* Supporting Files */,
			);
			path = "iOS ExampleTests";
			sourceTree = "<group>";
		};
		ACD3106F1A10EC1D001989F1 /* Supporting Files */ = {
			isa = PBXGroup;
			children = (
				ACD310701A10EC1D001989F1 /* Info.plist */,
			);
			name = "Supporting Files";
			sourceTree = "<group>";
		};
/* End PBXGroup section */

/* Begin PBXNativeTarget section */
		ACD310551A10EC1D001989F1 /* iOS Example */ = {
			isa = PBXNativeTarget;
			buildConfigurationList = ACD310751A10EC1D001989F1 /* Build configuration list for PBXNativeTarget "iOS Example" */;
			buildPhases = (
				ACD310521A10EC1D001989F1 /* Sources */,
				ACD310531A10EC1D001989F1 /* Frameworks */,
				ACD310541A10EC1D001989F1 /* Resources */,
			);
			buildRules = (
			);
			dependencies = (
			);
			name = "iOS Example";
			productName = "iOS Example";
			productReference = ACD310561A10EC1D001989F1 /* iOS Example.app */;
			productType = "com.apple.product-type.application";
		};
/* End PBXNativeTarget section */

/* Begin PBXProject section */
		ACD3104E1A10EC1D001989F1 /* Project object */ = {
			isa = PBXProject;
			attributes = {
				LastUpgradeCheck = 0610;
				ORGANIZATIONNAME = "José Manuel Sánchez";
				TargetAttributes = {
					ACD310551A10EC1D001989F1 = {
						CreatedOnToolsVersion = 6.1;
					};
				};
			};
			buildConfigurationList = ACD310511A10EC1D001989F1 /* Build configuration list for PBXProject "iOS Example" */;
			compatibilityVersion = "Xcode 3.2";
			developmentRegion = English;
			hasScannedForEncodings = 0;
			knownRegions = (
				en,
				Base,
			);
			mainGroup = ACD3104D1A10EC1D001989F1;
			productRefGroup = ACD310571A10EC1D001989F1 /* Products */;
			projectDirPath = "";
			projectRoot = "";
			targets = (
				ACD310551A10EC1D001989F1 /* iOS Example */,
			);
		};
/* End PBXProject section */

/* Begin PBXResourcesBuildPhase section */
		ACD310541A10EC1D001989F1 /* Resources */ = {
			isa = PBXResourcesBuildPhase;
			buildActionMask = 2147483647;
			files = (
				ACD310611A10EC1D001989F1 /* Main.storyboard in Resources */,
				ACD310661A10EC1D001989F1 /* LaunchScreen.xib in Resources */,
				ACD310631A10EC1D001989F1 /* Images.xcassets in Resources */,
			);
			runOnlyForDeploymentPostprocessing = 0;
		};
/* End PBXResourcesBuildPhase section */

/* Begin PBXSourcesBuildPhase section */
		ACD310521A10EC1D001989F1 /* Sources */ = {
			isa = PBXSourcesBuildPhase;
			buildActionMask = 2147483647;
			files = (
				ACD3105E1A10EC1D001989F1 /* ViewController.swift in Sources */,
				ACD3105C1A10EC1D001989F1 /* AppDelegate.swift in Sources */,
			);
			runOnlyForDeploymentPostprocessing = 0;
		};
/* End PBXSourcesBuildPhase section */

/* Begin PBXVariantGroup section */
		ACD3105F1A10EC1D001989F1 /* Main.storyboard */ = {
			isa = PBXVariantGroup;
			children = (
				ACD310601A10EC1D001989F1 /* Base */,
			);
			name = Main.storyboard;
			sourceTree = "<group>";
		};
		ACD310641A10EC1D001989F1 /* LaunchScreen.xib */ = {
			isa = PBXVariantGroup;
			children = (
				ACD310651A10EC1D001989F1 /* Base */,
			);
			name = LaunchScreen.xib;
			sourceTree = "<group>";
		};
/* End PBXVariantGroup section */

/* Begin XCBuildConfiguration section */
		ACD310731A10EC1D001989F1 /* Debug */ = {
			isa = XCBuildConfiguration;
			buildSettings = {
				ALWAYS_SEARCH_USER_PATHS = NO;
				CLANG_CXX_LANGUAGE_STANDARD = "gnu++0x";
				CLANG_CXX_LIBRARY = "libc++";
				CLANG_ENABLE_MODULES = YES;
				CLANG_ENABLE_OBJC_ARC = YES;
				CLANG_WARN_BOOL_CONVERSION = YES;
				CLANG_WARN_CONSTANT_CONVERSION = YES;
				CLANG_WARN_DIRECT_OBJC_ISA_USAGE = YES_ERROR;
				CLANG_WARN_EMPTY_BODY = YES;
				CLANG_WARN_ENUM_CONVERSION = YES;
				CLANG_WARN_INT_CONVERSION = YES;
				CLANG_WARN_OBJC_ROOT_CLASS = YES_ERROR;
				CLANG_WARN_UNREACHABLE_CODE = YES;
				CLANG_WARN__DUPLICATE_METHOD_MATCH = YES;
				"CODE_SIGN_IDENTITY[sdk=iphoneos*]" = "iPhone Developer";
				COPY_PHASE_STRIP = NO;
				ENABLE_STRICT_OBJC_MSGSEND = YES;
				GCC_C_LANGUAGE_STANDARD = gnu99;
				GCC_DYNAMIC_NO_PIC = NO;
				GCC_OPTIMIZATION_LEVEL = 0;
				GCC_PREPROCESSOR_DEFINITIONS = (
					"DEBUG=1",
					"$(inherited)",
				);
				GCC_SYMBOLS_PRIVATE_EXTERN = NO;
				GCC_WARN_64_TO_32_BIT_CONVERSION = YES;
				GCC_WARN_ABOUT_RETURN_TYPE = YES_ERROR;
				GCC_WARN_UNDECLARED_SELECTOR = YES;
				GCC_WARN_UNINITIALIZED_AUTOS = YES_AGGRESSIVE;
				GCC_WARN_UNUSED_FUNCTION = YES;
				GCC_WARN_UNUSED_VARIABLE = YES;
				IPHONEOS_DEPLOYMENT_TARGET = 8.1;
				MTL_ENABLE_DEBUG_INFO = YES;
				ONLY_ACTIVE_ARCH = YES;
				SDKROOT = iphoneos;
				SWIFT_OPTIMIZATION_LEVEL = "-Onone";
				TARGETED_DEVICE_FAMILY = "1,2";
			};
			name = Debug;
		};
		ACD310741A10EC1D001989F1 /* Release */ = {
			isa = XCBuildConfiguration;
			buildSettings = {
				ALWAYS_SEARCH_USER_PATHS = NO;
				CLANG_CXX_LANGUAGE_STANDARD = "gnu++0x";
				CLANG_CXX_LIBRARY = "libc++";
				CLANG_ENABLE_MODULES = YES;
				CLANG_ENABLE_OBJC_ARC = YES;
				CLANG_WARN_BOOL_CONVERSION = YES;
				CLANG_WARN_CONSTANT_CONVERSION = YES;
				CLANG_WARN_DIRECT_OBJC_ISA_USAGE = YES_ERROR;
				CLANG_WARN_EMPTY_BODY = YES;
				CLANG_WARN_ENUM_CONVERSION = YES;
				CLANG_WARN_INT_CONVERSION = YES;
				CLANG_WARN_OBJC_ROOT_CLASS = YES_ERROR;
				CLANG_WARN_UNREACHABLE_CODE = YES;
				CLANG_WARN__DUPLICATE_METHOD_MATCH = YES;
				"CODE_SIGN_IDENTITY[sdk=iphoneos*]" = "iPhone Developer";
				COPY_PHASE_STRIP = YES;
				ENABLE_NS_ASSERTIONS = NO;
				ENABLE_STRICT_OBJC_MSGSEND = YES;
				GCC_C_LANGUAGE_STANDARD = gnu99;
				GCC_WARN_64_TO_32_BIT_CONVERSION = YES;
				GCC_WARN_ABOUT_RETURN_TYPE = YES_ERROR;
				GCC_WARN_UNDECLARED_SELECTOR = YES;
				GCC_WARN_UNINITIALIZED_AUTOS = YES_AGGRESSIVE;
				GCC_WARN_UNUSED_FUNCTION = YES;
				GCC_WARN_UNUSED_VARIABLE = YES;
				IPHONEOS_DEPLOYMENT_TARGET = 8.1;
				MTL_ENABLE_DEBUG_INFO = NO;
				SDKROOT = iphoneos;
				TARGETED_DEVICE_FAMILY = "1,2";
				VALIDATE_PRODUCT = YES;
			};
			name = Release;
		};
		ACD310761A10EC1D001989F1 /* Debug */ = {
			isa = XCBuildConfiguration;
			buildSettings = {
				ASSETCATALOG_COMPILER_APPICON_NAME = AppIcon;
				FRAMEWORK_SEARCH_PATHS = (
					"$(inherited)",
					"$(USER_LIBRARY_DIR)/Developer/Xcode/DerivedData/JMSSwiftParse-fhctzogcigcpmkcuedgputfsyoza/Build/Products/Debug-iphoneos",
				);
				INFOPLIST_FILE = "iOS Example/Info.plist";
				LD_RUNPATH_SEARCH_PATHS = "$(inherited) @executable_path/Frameworks";
				PRODUCT_NAME = "$(TARGET_NAME)";
			};
			name = Debug;
		};
		ACD310771A10EC1D001989F1 /* Release */ = {
			isa = XCBuildConfiguration;
			buildSettings = {
				ASSETCATALOG_COMPILER_APPICON_NAME = AppIcon;
				FRAMEWORK_SEARCH_PATHS = (
					"$(inherited)",
					"$(USER_LIBRARY_DIR)/Developer/Xcode/DerivedData/JMSSwiftParse-fhctzogcigcpmkcuedgputfsyoza/Build/Products/Debug-iphoneos",
				);
				INFOPLIST_FILE = "iOS Example/Info.plist";
				LD_RUNPATH_SEARCH_PATHS = "$(inherited) @executable_path/Frameworks";
				PRODUCT_NAME = "$(TARGET_NAME)";
			};
			name = Release;
		};
/* End XCBuildConfiguration section */

/* Begin XCConfigurationList section */
		ACD310511A10EC1D001989F1 /* Build configuration list for PBXProject "iOS Example" */ = {
			isa = XCConfigurationList;
			buildConfigurations = (
				ACD310731A10EC1D001989F1 /* Debug */,
				ACD310741A10EC1D001989F1 /* Release */,
			);
			defaultConfigurationIsVisible = 0;
			defaultConfigurationName = Release;
		};
		ACD310751A10EC1D001989F1 /* Build configuration list for PBXNativeTarget "iOS Example" */ = {
			isa = XCConfigurationList;
			buildConfigurations = (
				ACD310761A10EC1D001989F1 /* Debug */,
				ACD310771A10EC1D001989F1 /* Release */,
			);
			defaultConfigurationIsVisible = 0;
			defaultConfigurationName = Release;
		};
/* End XCConfigurationList section */
	};
	rootObject = ACD3104E1A10EC1D001989F1 /* Project object */;
}
